
Microsoft Visual Studio Solution File, Format Version 12.00
# Visual Studio Version 16
VisualStudioVersion = 16.0.32802.440
MinimumVisualStudioVersion = 10.0.40219.1
Project("{FAE04EC0-301F-11D3-BF4B-00C04F79EFBC}") = "Gvozd587Bot", "Gvozd587Bot.csproj", "{08FBB5FB-2961-40BA-8CCC-B4A64C5A8CAC}"
EndProject
Global
	GlobalSection(SolutionConfigurationPlatforms) = preSolution
		Debug|Any CPU = Debug|Any CPU
		Release|Any CPU = Release|Any CPU
	EndGlobalSection
	GlobalSection(ProjectConfigurationPlatforms) = postSolution
		{08FBB5FB-2961-40BA-8CCC-B4A64C5A8CAC}.Debug|Any CPU.ActiveCfg = Debug|Any CPU
		{08FBB5FB-2961-40BA-8CCC-B4A64C5A8CAC}.Debug|Any CPU.Build.0 = Debug|Any CPU
		{08FBB5FB-2961-40BA-8CCC-B4A64C5A8CAC}.Release|Any CPU.ActiveCfg = Release|Any CPU
		{08FBB5FB-2961-40BA-8CCC-B4A64C5A8CAC}.Release|Any CPU.Build.0 = Release|Any CPU
	EndGlobalSection
	GlobalSection(SolutionProperties) = preSolution
		HideSolutionNode = FALSE
	EndGlobalSection
	GlobalSection(ExtensibilityGlobals) = postSolution
		SolutionGuid = {3719A388-E611-44F6-B8D0-611B0079253B}
	EndGlobalSection
EndGlobal
